
Microsoft Visual Studio Solution File, Format Version 12.00
# Visual Studio Version 17
VisualStudioVersion = 17.5.33530.505
MinimumVisualStudioVersion = 10.0.40219.1
Project("{FAE04EC0-301F-11D3-BF4B-00C04F79EFBC}") = "Infrastructure", "Infrastructure\Infrastructure.csproj", "{B7FD9B1D-88B8-41CD-BD3B-F35F5BD30CCE}"
EndProject
Project("{FAE04EC0-301F-11D3-BF4B-00C04F79EFBC}") = "Domain", "Domain\Domain.csproj", "{EC8487E5-3BA1-48A9-B26D-7CC90BFBF883}"
EndProject
Global
	GlobalSection(SolutionConfigurationPlatforms) = preSolution
		Debug|Any CPU = Debug|Any CPU
		Release|Any CPU = Release|Any CPU
	EndGlobalSection
	GlobalSection(ProjectConfigurationPlatforms) = postSolution
		{B7FD9B1D-88B8-41CD-BD3B-F35F5BD30CCE}.Debug|Any CPU.ActiveCfg = Debug|Any CPU
		{B7FD9B1D-88B8-41CD-BD3B-F35F5BD30CCE}.Debug|Any CPU.Build.0 = Debug|Any CPU
		{B7FD9B1D-88B8-41CD-BD3B-F35F5BD30CCE}.Release|Any CPU.ActiveCfg = Release|Any CPU
		{B7FD9B1D-88B8-41CD-BD3B-F35F5BD30CCE}.Release|Any CPU.Build.0 = Release|Any CPU
		{EC8487E5-3BA1-48A9-B26D-7CC90BFBF883}.Debug|Any CPU.ActiveCfg = Debug|Any CPU
		{EC8487E5-3BA1-48A9-B26D-7CC90BFBF883}.Debug|Any CPU.Build.0 = Debug|Any CPU
		{EC8487E5-3BA1-48A9-B26D-7CC90BFBF883}.Release|Any CPU.ActiveCfg = Release|Any CPU
		{EC8487E5-3BA1-48A9-B26D-7CC90BFBF883}.Release|Any CPU.Build.0 = Release|Any CPU
	EndGlobalSection
	GlobalSection(SolutionProperties) = preSolution
		HideSolutionNode = FALSE
	EndGlobalSection
	GlobalSection(ExtensibilityGlobals) = postSolution
		SolutionGuid = {B8C2B6C9-E7BC-47FE-AE57-1F09045E1011}
	EndGlobalSection
EndGlobal
